// !$*UTF8*$!
{
	archiveVersion = 1;
	classes = {
	};
	objectVersion = 46;
	objects = {

/* Begin PBXBuildFile section */
		4CC271F21F691E2300343706 /* AppDelegate.swift in Sources */ = {isa = PBXBuildFile; fileRef = 4CC271F11F691E2300343706 /* AppDelegate.swift */; };
		4CC271F41F691E2300343706 /* ViewController.swift in Sources */ = {isa = PBXBuildFile; fileRef = 4CC271F31F691E2300343706 /* ViewController.swift */; };
		4CC271F71F691E2300343706 /* Main.storyboard in Resources */ = {isa = PBXBuildFile; fileRef = 4CC271F51F691E2300343706 /* Main.storyboard */; };
		4CC271F91F691E2300343706 /* Assets.xcassets in Resources */ = {isa = PBXBuildFile; fileRef = 4CC271F81F691E2300343706 /* Assets.xcassets */; };
		4CC271FC1F691E2300343706 /* LaunchScreen.storyboard in Resources */ = {isa = PBXBuildFile; fileRef = 4CC271FA1F691E2300343706 /* LaunchScreen.storyboard */; };
		4CC272071F691E2300343706 /* DataStoreWithDictionaryTests.swift in Sources */ = {isa = PBXBuildFile; fileRef = 4CC272061F691E2300343706 /* DataStoreWithDictionaryTests.swift */; };
		4CC272121F691E2300343706 /* DataStoreWithDictionaryUITests.swift in Sources */ = {isa = PBXBuildFile; fileRef = 4CC272111F691E2300343706 /* DataStoreWithDictionaryUITests.swift */; };
		4CC272201F692E5400343706 /* SecondViewController.swift in Sources */ = {isa = PBXBuildFile; fileRef = 4CC2721F1F692E5400343706 /* SecondViewController.swift */; };
/* End PBXBuildFile section */

/* Begin PBXContainerItemProxy section */
		4CC272031F691E2300343706 /* PBXContainerItemProxy */ = {
			isa = PBXContainerItemProxy;
			containerPortal = 4CC271E61F691E2300343706 /* Project object */;
			proxyType = 1;
			remoteGlobalIDString = 4CC271ED1F691E2300343706;
			remoteInfo = DataStoreWithDictionary;
		};
		4CC2720E1F691E2300343706 /* PBXContainerItemProxy */ = {
			isa = PBXContainerItemProxy;
			containerPortal = 4CC271E61F691E2300343706 /* Project object */;
			proxyType = 1;
			remoteGlobalIDString = 4CC271ED1F691E2300343706;
			remoteInfo = DataStoreWithDictionary;
		};
/* End PBXContainerItemProxy section */

/* Begin PBXFileReference section */
		4CC271EE1F691E2300343706 /* DataStoreWithDictionary.app */ = {isa = PBXFileReference; explicitFileType = wrapper.application; includeInIndex = 0; path = DataStoreWithDictionary.app; sourceTree = BUILT_PRODUCTS_DIR; };
		4CC271F11F691E2300343706 /* AppDelegate.swift */ = {isa = PBXFileReference; lastKnownFileType = sourcecode.swift; path = AppDelegate.swift; sourceTree = "<group>"; };
		4CC271F31F691E2300343706 /* ViewController.swift */ = {isa = PBXFileReference; lastKnownFileType = sourcecode.swift; path = ViewController.swift; sourceTree = "<group>"; };
		4CC271F61F691E2300343706 /* Base */ = {isa = PBXFileReference; lastKnownFileType = file.storyboard; name = Base; path = Base.lproj/Main.storyboard; sourceTree = "<group>"; };
		4CC271F81F691E2300343706 /* Assets.xcassets */ = {isa = PBXFileReference; lastKnownFileType = folder.assetcatalog; path = Assets.xcassets; sourceTree = "<group>"; };
		4CC271FB1F691E2300343706 /* Base */ = {isa = PBXFileReference; lastKnownFileType = file.storyboard; name = Base; path = Base.lproj/LaunchScreen.storyboard; sourceTree = "<group>"; };
		4CC271FD1F691E2300343706 /* Info.plist */ = {isa = PBXFileReference; lastKnownFileType = text.plist.xml; path = Info.plist; sourceTree = "<group>"; };
		4CC272021F691E2300343706 /* DataStoreWithDictionaryTests.xctest */ = {isa = PBXFileReference; explicitFileType = wrapper.cfbundle; includeInIndex = 0; path = DataStoreWithDictionaryTests.xctest; sourceTree = BUILT_PRODUCTS_DIR; };
		4CC272061F691E2300343706 /* DataStoreWithDictionaryTests.swift */ = {isa = PBXFileReference; lastKnownFileType = sourcecode.swift; path = DataStoreWithDictionaryTests.swift; sourceTree = "<group>"; };
		4CC272081F691E2300343706 /* Info.plist */ = {isa = PBXFileReference; lastKnownFileType = text.plist.xml; path = Info.plist; sourceTree = "<group>"; };
		4CC2720D1F691E2300343706 /* DataStoreWithDictionaryUITests.xctest */ = {isa = PBXFileReference; explicitFileType = wrapper.cfbundle; includeInIndex = 0; path = DataStoreWithDictionaryUITests.xctest; sourceTree = BUILT_PRODUCTS_DIR; };
		4CC272111F691E2300343706 /* DataStoreWithDictionaryUITests.swift */ = {isa = PBXFileReference; lastKnownFileType = sourcecode.swift; path = DataStoreWithDictionaryUITests.swift; sourceTree = "<group>"; };
		4CC272131F691E2300343706 /* Info.plist */ = {isa = PBXFileReference; lastKnownFileType = text.plist.xml; path = Info.plist; sourceTree = "<group>"; };
		4CC2721F1F692E5400343706 /* SecondViewController.swift */ = {isa = PBXFileReference; fileEncoding = 4; lastKnownFileType = sourcecode.swift; path = SecondViewController.swift; sourceTree = "<group>"; };
/* End PBXFileReference section */

/* Begin PBXFrameworksBuildPhase section */
		4CC271EB1F691E2300343706 /* Frameworks */ = {
			isa = PBXFrameworksBuildPhase;
			buildActionMask = 2147483647;
			files = (
			);
			runOnlyForDeploymentPostprocessing = 0;
		};
		4CC271FF1F691E2300343706 /* Frameworks */ = {
			isa = PBXFrameworksBuildPhase;
			buildActionMask = 2147483647;
			files = (
			);
			runOnlyForDeploymentPostprocessing = 0;
		};
		4CC2720A1F691E2300343706 /* Frameworks */ = {
			isa = PBXFrameworksBuildPhase;
			buildActionMask = 2147483647;
			files = (
			);
			runOnlyForDeploymentPostprocessing = 0;
		};
/* End PBXFrameworksBuildPhase section */

/* Begin PBXGroup section */
		4CC271E51F691E2300343706 = {
			isa = PBXGroup;
			children = (
				4CC271F01F691E2300343706 /* DataStoreWithDictionary */,
				4CC272051F691E2300343706 /* DataStoreWithDictionaryTests */,
				4CC272101F691E2300343706 /* DataStoreWithDictionaryUITests */,
				4CC271EF1F691E2300343706 /* Products */,
			);
			sourceTree = "<group>";
		};
		4CC271EF1F691E2300343706 /* Products */ = {
			isa = PBXGroup;
			children = (
				4CC271EE1F691E2300343706 /* DataStoreWithDictionary.app */,
				4CC272021F691E2300343706 /* DataStoreWithDictionaryTests.xctest */,
				4CC2720D1F691E2300343706 /* DataStoreWithDictionaryUITests.xctest */,
			);
			name = Products;
			sourceTree = "<group>";
		};
		4CC271F01F691E2300343706 /* DataStoreWithDictionary */ = {
			isa = PBXGroup;
			children = (
				4CC271F11F691E2300343706 /* AppDelegate.swift */,
				4CC271F51F691E2300343706 /* Main.storyboard */,
				4CC271F31F691E2300343706 /* ViewController.swift */,
				4CC2721F1F692E5400343706 /* SecondViewController.swift */,
				4CC271F81F691E2300343706 /* Assets.xcassets */,
				4CC271FA1F691E2300343706 /* LaunchScreen.storyboard */,
				4CC271FD1F691E2300343706 /* Info.plist */,
			);
			path = DataStoreWithDictionary;
			sourceTree = "<group>";
		};
		4CC272051F691E2300343706 /* DataStoreWithDictionaryTests */ = {
			isa = PBXGroup;
			children = (
				4CC272061F691E2300343706 /* DataStoreWithDictionaryTests.swift */,
				4CC272081F691E2300343706 /* Info.plist */,
			);
			path = DataStoreWithDictionaryTests;
			sourceTree = "<group>";
		};
		4CC272101F691E2300343706 /* DataStoreWithDictionaryUITests */ = {
			isa = PBXGroup;
			children = (
				4CC272111F691E2300343706 /* DataStoreWithDictionaryUITests.swift */,
				4CC272131F691E2300343706 /* Info.plist */,
			);
			path = DataStoreWithDictionaryUITests;
			sourceTree = "<group>";
		};
/* End PBXGroup section */

/* Begin PBXNativeTarget section */
		4CC271ED1F691E2300343706 /* DataStoreWithDictionary */ = {
			isa = PBXNativeTarget;
			buildConfigurationList = 4CC272161F691E2300343706 /* Build configuration list for PBXNativeTarget "DataStoreWithDictionary" */;
			buildPhases = (
				4CC271EA1F691E2300343706 /* Sources */,
				4CC271EB1F691E2300343706 /* Frameworks */,
				4CC271EC1F691E2300343706 /* Resources */,
			);
			buildRules = (
			);
			dependencies = (
			);
			name = DataStoreWithDictionary;
			productName = DataStoreWithDictionary;
			productReference = 4CC271EE1F691E2300343706 /* DataStoreWithDictionary.app */;
			productType = "com.apple.product-type.application";
		};
		4CC272011F691E2300343706 /* DataStoreWithDictionaryTests */ = {
			isa = PBXNativeTarget;
			buildConfigurationList = 4CC272191F691E2300343706 /* Build configuration list for PBXNativeTarget "DataStoreWithDictionaryTests" */;
			buildPhases = (
				4CC271FE1F691E2300343706 /* Sources */,
				4CC271FF1F691E2300343706 /* Frameworks */,
				4CC272001F691E2300343706 /* Resources */,
			);
			buildRules = (
			);
			dependencies = (
				4CC272041F691E2300343706 /* PBXTargetDependency */,
			);
			name = DataStoreWithDictionaryTests;
			productName = DataStoreWithDictionaryTests;
			productReference = 4CC272021F691E2300343706 /* DataStoreWithDictionaryTests.xctest */;
			productType = "com.apple.product-type.bundle.unit-test";
		};
		4CC2720C1F691E2300343706 /* DataStoreWithDictionaryUITests */ = {
			isa = PBXNativeTarget;
			buildConfigurationList = 4CC2721C1F691E2300343706 /* Build configuration list for PBXNativeTarget "DataStoreWithDictionaryUITests" */;
			buildPhases = (
				4CC272091F691E2300343706 /* Sources */,
				4CC2720A1F691E2300343706 /* Frameworks */,
				4CC2720B1F691E2300343706 /* Resources */,
			);
			buildRules = (
			);
			dependencies = (
				4CC2720F1F691E2300343706 /* PBXTargetDependency */,
			);
			name = DataStoreWithDictionaryUITests;
			productName = DataStoreWithDictionaryUITests;
			productReference = 4CC2720D1F691E2300343706 /* DataStoreWithDictionaryUITests.xctest */;
			productType = "com.apple.product-type.bundle.ui-testing";
		};
/* End PBXNativeTarget section */

/* Begin PBXProject section */
		4CC271E61F691E2300343706 /* Project object */ = {
			isa = PBXProject;
			attributes = {
				LastSwiftUpdateCheck = 0830;
				LastUpgradeCheck = 0830;
				ORGANIZATIONNAME = iflame;
				TargetAttributes = {
					4CC271ED1F691E2300343706 = {
						CreatedOnToolsVersion = 8.3;
						ProvisioningStyle = Automatic;
					};
					4CC272011F691E2300343706 = {
						CreatedOnToolsVersion = 8.3;
						ProvisioningStyle = Automatic;
						TestTargetID = 4CC271ED1F691E2300343706;
					};
					4CC2720C1F691E2300343706 = {
						CreatedOnToolsVersion = 8.3;
						ProvisioningStyle = Automatic;
						TestTargetID = 4CC271ED1F691E2300343706;
					};
				};
			};
			buildConfigurationList = 4CC271E91F691E2300343706 /* Build configuration list for PBXProject "DataStoreWithDictionary" */;
			compatibilityVersion = "Xcode 3.2";
			developmentRegion = English;
			hasScannedForEncodings = 0;
			knownRegions = (
				en,
				Base,
			);
			mainGroup = 4CC271E51F691E2300343706;
			productRefGroup = 4CC271EF1F691E2300343706 /* Products */;
			projectDirPath = "";
			projectRoot = "";
			targets = (
				4CC271ED1F691E2300343706 /* DataStoreWithDictionary */,
				4CC272011F691E2300343706 /* DataStoreWithDictionaryTests */,
				4CC2720C1F691E2300343706 /* DataStoreWithDictionaryUITests */,
			);
		};
/* End PBXProject section */

/* Begin PBXResourcesBuildPhase section */
		4CC271EC1F691E2300343706 /* Resources */ = {
			isa = PBXResourcesBuildPhase;
			buildActionMask = 2147483647;
			files = (
				4CC271FC1F691E2300343706 /* LaunchScreen.storyboard in Resources */,
				4CC271F91F691E2300343706 /* Assets.xcassets in Resources */,
				4CC271F71F691E2300343706 /* Main.storyboard in Resources */,
			);
			runOnlyForDeploymentPostprocessing = 0;
		};
		4CC272001F691E2300343706 /* Resources */ = {
			isa = PBXResourcesBuildPhase;
			buildActionMask = 2147483647;
			files = (
			);
			runOnlyForDeploymentPostprocessing = 0;
		};
		4CC2720B1F691E2300343706 /* Resources */ = {
			isa = PBXResourcesBuildPhase;
			buildActionMask = 2147483647;
			files = (
			);
			runOnlyForDeploymentPostprocessing = 0;
		};
/* End PBXResourcesBuildPhase section */

/* Begin PBXSourcesBuildPhase section */
		4CC271EA1F691E2300343706 /* Sources */ = {
			isa = PBXSourcesBuildPhase;
			buildActionMask = 2147483647;
			files = (
				4CC272201F692E5400343706 /* SecondViewController.swift in Sources */,
				4CC271F41F691E2300343706 /* ViewController.swift in Sources */,
				4CC271F21F691E2300343706 /* AppDelegate.swift in Sources */,
			);
			runOnlyForDeploymentPostprocessing = 0;
		};
		4CC271FE1F691E2300343706 /* Sources */ = {
			isa = PBXSourcesBuildPhase;
			buildActionMask = 2147483647;
			files = (
				4CC272071F691E2300343706 /* DataStoreWithDictionaryTests.swift in Sources */,
			);
			runOnlyForDeploymentPostprocessing = 0;
		};
		4CC272091F691E2300343706 /* Sources */ = {
			isa = PBXSourcesBuildPhase;
			buildActionMask = 2147483647;
			files = (
				4CC272121F691E2300343706 /* DataStoreWithDictionaryUITests.swift in Sources */,
			);
			runOnlyForDeploymentPostprocessing = 0;
		};
/* End PBXSourcesBuildPhase section */

/* Begin PBXTargetDependency section */
		4CC272041F691E2300343706 /* PBXTargetDependency */ = {
			isa = PBXTargetDependency;
			target = 4CC271ED1F691E2300343706 /* DataStoreWithDictionary */;
			targetProxy = 4CC272031F691E2300343706 /* PBXContainerItemProxy */;
		};
		4CC2720F1F691E2300343706 /* PBXTargetDependency */ = {
			isa = PBXTargetDependency;
			target = 4CC271ED1F691E2300343706 /* DataStoreWithDictionary */;
			targetProxy = 4CC2720E1F691E2300343706 /* PBXContainerItemProxy */;
		};
/* End PBXTargetDependency section */

/* Begin PBXVariantGroup section */
		4CC271F51F691E2300343706 /* Main.storyboard */ = {
			isa = PBXVariantGroup;
			children = (
				4CC271F61F691E2300343706 /* Base */,
			);
			name = Main.storyboard;
			sourceTree = "<group>";
		};
		4CC271FA1F691E2300343706 /* LaunchScreen.storyboard */ = {
			isa = PBXVariantGroup;
			children = (
				4CC271FB1F691E2300343706 /* Base */,
			);
			name = LaunchScreen.storyboard;
			sourceTree = "<group>";
		};
/* End PBXVariantGroup section */

/* Begin XCBuildConfiguration section */
		4CC272141F691E2300343706 /* Debug */ = {
			isa = XCBuildConfiguration;
			buildSettings = {
				ALWAYS_SEARCH_USER_PATHS = NO;
				CLANG_ANALYZER_NONNULL = YES;
				CLANG_ANALYZER_NUMBER_OBJECT_CONVERSION = YES_AGGRESSIVE;
				CLANG_CXX_LANGUAGE_STANDARD = "gnu++0x";
				CLANG_CXX_LIBRARY = "libc++";
				CLANG_ENABLE_MODULES = YES;
				CLANG_ENABLE_OBJC_ARC = YES;
				CLANG_WARN_BOOL_CONVERSION = YES;
				CLANG_WARN_CONSTANT_CONVERSION = YES;
				CLANG_WARN_DIRECT_OBJC_ISA_USAGE = YES_ERROR;
				CLANG_WARN_DOCUMENTATION_COMMENTS = YES;
				CLANG_WARN_EMPTY_BODY = YES;
				CLANG_WARN_ENUM_CONVERSION = YES;
				CLANG_WARN_INFINITE_RECURSION = YES;
				CLANG_WARN_INT_CONVERSION = YES;
				CLANG_WARN_OBJC_ROOT_CLASS = YES_ERROR;
				CLANG_WARN_SUSPICIOUS_MOVE = YES;
				CLANG_WARN_UNREACHABLE_CODE = YES;
				CLANG_WARN__DUPLICATE_METHOD_MATCH = YES;
				"CODE_SIGN_IDENTITY[sdk=iphoneos*]" = "iPhone Developer";
				COPY_PHASE_STRIP = NO;
				DEBUG_INFORMATION_FORMAT = dwarf;
				ENABLE_STRICT_OBJC_MSGSEND = YES;
				ENABLE_TESTABILITY = YES;
				GCC_C_LANGUAGE_STANDARD = gnu99;
				GCC_DYNAMIC_NO_PIC = NO;
				GCC_NO_COMMON_BLOCKS = YES;
				GCC_OPTIMIZATION_LEVEL = 0;
				GCC_PREPROCESSOR_DEFINITIONS = (
					"DEBUG=1",
					"$(inherited)",
				);
				GCC_WARN_64_TO_32_BIT_CONVERSION = YES;
				GCC_WARN_ABOUT_RETURN_TYPE = YES_ERROR;
				GCC_WARN_UNDECLARED_SELECTOR = YES;
				GCC_WARN_UNINITIALIZED_AUTOS = YES_AGGRESSIVE;
				GCC_WARN_UNUSED_FUNCTION = YES;
				GCC_WARN_UNUSED_VARIABLE = YES;
				IPHONEOS_DEPLOYMENT_TARGET = 10.3;
				MTL_ENABLE_DEBUG_INFO = YES;
				ONLY_ACTIVE_ARCH = YES;
				SDKROOT = iphoneos;
				SWIFT_ACTIVE_COMPILATION_CONDITIONS = DEBUG;
				SWIFT_OPTIMIZATION_LEVEL = "-Onone";
			};
			name = Debug;
		};
		4CC272151F691E2300343706 /* Release */ = {
			isa = XCBuildConfiguration;
			buildSettings = {
				ALWAYS_SEARCH_USER_PATHS = NO;
				CLANG_ANALYZER_NONNULL = YES;
				CLANG_ANALYZER_NUMBER_OBJECT_CONVERSION = YES_AGGRESSIVE;
				CLANG_CXX_LANGUAGE_STANDARD = "gnu++0x";
				CLANG_CXX_LIBRARY = "libc++";
				CLANG_ENABLE_MODULES = YES;
				CLANG_ENABLE_OBJC_ARC = YES;
				CLANG_WARN_BOOL_CONVERSION = YES;
				CLANG_WARN_CONSTANT_CONVERSION = YES;
				CLANG_WARN_DIRECT_OBJC_ISA_USAGE = YES_ERROR;
				CLANG_WARN_DOCUMENTATION_COMMENTS = YES;
				CLANG_WARN_EMPTY_BODY = YES;
				CLANG_WARN_ENUM_CONVERSION = YES;
				CLANG_WARN_INFINITE_RECURSION = YES;
				CLANG_WARN_INT_CONVERSION = YES;
				CLANG_WARN_OBJC_ROOT_CLASS = YES_ERROR;
				CLANG_WARN_SUSPICIOUS_MOVE = YES;
				CLANG_WARN_UNREACHABLE_CODE = YES;
				CLANG_WARN__DUPLICATE_METHOD_MATCH = YES;
				"CODE_SIGN_IDENTITY[sdk=iphoneos*]" = "iPhone Developer";
				COPY_PHASE_STRIP = NO;
				DEBUG_INFORMATION_FORMAT = "dwarf-with-dsym";
				ENABLE_NS_ASSERTIONS = NO;
				ENABLE_STRICT_OBJC_MSGSEND = YES;
				GCC_C_LANGUAGE_STANDARD = gnu99;
				GCC_NO_COMMON_BLOCKS = YES;
				GCC_WARN_64_TO_32_BIT_CONVERSION = YES;
				GCC_WARN_ABOUT_RETURN_TYPE = YES_ERROR;
				GCC_WARN_UNDECLARED_SELECTOR = YES;
				GCC_WARN_UNINITIALIZED_AUTOS = YES_AGGRESSIVE;
				GCC_WARN_UNUSED_FUNCTION = YES;
				GCC_WARN_UNUSED_VARIABLE = YES;
				IPHONEOS_DEPLOYMENT_TARGET = 10.3;
				MTL_ENABLE_DEBUG_INFO = NO;
				SDKROOT = iphoneos;
				SWIFT_OPTIMIZATION_LEVEL = "-Owholemodule";
				VALIDATE_PRODUCT = YES;
			};
			name = Release;
		};
		4CC272171F691E2300343706 /* Debug */ = {
			isa = XCBuildConfiguration;
			buildSettings = {
				ASSETCATALOG_COMPILER_APPICON_NAME = AppIcon;
				INFOPLIST_FILE = DataStoreWithDictionary/Info.plist;
				LD_RUNPATH_SEARCH_PATHS = "$(inherited) @executable_path/Frameworks";
				PRODUCT_BUNDLE_IDENTIFIER = iflame.DataStoreWithDictionary;
				PRODUCT_NAME = "$(TARGET_NAME)";
				SWIFT_VERSION = 3.0;
			};
			name = Debug;
		};
		4CC272181F691E2300343706 /* Release */ = {
			isa = XCBuildConfiguration;
			buildSettings = {
				ASSETCATALOG_COMPILER_APPICON_NAME = AppIcon;
				INFOPLIST_FILE = DataStoreWithDictionary/Info.plist;
				LD_RUNPATH_SEARCH_PATHS = "$(inherited) @executable_path/Frameworks";
				PRODUCT_BUNDLE_IDENTIFIER = iflame.DataStoreWithDictionary;
				PRODUCT_NAME = "$(TARGET_NAME)";
				SWIFT_VERSION = 3.0;
			};
			name = Release;
		};
		4CC2721A1F691E2300343706 /* Debug */ = {
			isa = XCBuildConfiguration;
			buildSettings = {
				ALWAYS_EMBED_SWIFT_STANDARD_LIBRARIES = YES;
				BUNDLE_LOADER = "$(TEST_HOST)";
				INFOPLIST_FILE = DataStoreWithDictionaryTests/Info.plist;
				LD_RUNPATH_SEARCH_PATHS = "$(inherited) @executable_path/Frameworks @loader_path/Frameworks";
				PRODUCT_BUNDLE_IDENTIFIER = iflame.DataStoreWithDictionaryTests;
				PRODUCT_NAME = "$(TARGET_NAME)";
				SWIFT_VERSION = 3.0;
				TEST_HOST = "$(BUILT_PRODUCTS_DIR)/DataStoreWithDictionary.app/DataStoreWithDictionary";
			};
			name = Debug;
		};
		4CC2721B1F691E2300343706 /* Release */ = {
			isa = XCBuildConfiguration;
			buildSettings = {
				ALWAYS_EMBED_SWIFT_STANDARD_LIBRARIES = YES;
				BUNDLE_LOADER = "$(TEST_HOST)";
				INFOPLIST_FILE = DataStoreWithDictionaryTests/Info.plist;
				LD_RUNPATH_SEARCH_PATHS = "$(inherited) @executable_path/Frameworks @loader_path/Frameworks";
				PRODUCT_BUNDLE_IDENTIFIER = iflame.DataStoreWithDictionaryTests;
				PRODUCT_NAME = "$(TARGET_NAME)";
				SWIFT_VERSION = 3.0;
				TEST_HOST = "$(BUILT_PRODUCTS_DIR)/DataStoreWithDictionary.app/DataStoreWithDictionary";
			};
			name = Release;
		};
		4CC2721D1F691E2300343706 /* Debug */ = {
			isa = XCBuildConfiguration;
			buildSettings = {
				ALWAYS_EMBED_SWIFT_STANDARD_LIBRARIES = YES;
				INFOPLIST_FILE = DataStoreWithDictionaryUITests/Info.plist;
				LD_RUNPATH_SEARCH_PATHS = "$(inherited) @executable_path/Frameworks @loader_path/Frameworks";
				PRODUCT_BUNDLE_IDENTIFIER = iflame.DataStoreWithDictionaryUITests;
				PRODUCT_NAME = "$(TARGET_NAME)";
				SWIFT_VERSION = 3.0;
				TEST_TARGET_NAME = DataStoreWithDictionary;
			};
			name = Debug;
		};
		4CC2721E1F691E2300343706 /* Release */ = {
			isa = XCBuildConfiguration;
			buildSettings = {
				ALWAYS_EMBED_SWIFT_STANDARD_LIBRARIES = YES;
				INFOPLIST_FILE = DataStoreWithDictionaryUITests/Info.plist;
				LD_RUNPATH_SEARCH_PATHS = "$(inherited) @executable_path/Frameworks @loader_path/Frameworks";
				PRODUCT_BUNDLE_IDENTIFIER = iflame.DataStoreWithDictionaryUITests;
				PRODUCT_NAME = "$(TARGET_NAME)";
				SWIFT_VERSION = 3.0;
				TEST_TARGET_NAME = DataStoreWithDictionary;
			};
			name = Release;
		};
/* End XCBuildConfiguration section */

/* Begin XCConfigurationList section */
		4CC271E91F691E2300343706 /* Build configuration list for PBXProject "DataStoreWithDictionary" */ = {
			isa = XCConfigurationList;
			buildConfigurations = (
				4CC272141F691E2300343706 /* Debug */,
				4CC272151F691E2300343706 /* Release */,
			);
			defaultConfigurationIsVisible = 0;
			defaultConfigurationName = Release;
		};
		4CC272161F691E2300343706 /* Build configuration list for PBXNativeTarget "DataStoreWithDictionary" */ = {
			isa = XCConfigurationList;
			buildConfigurations = (
				4CC272171F691E2300343706 /* Debug */,
				4CC272181F691E2300343706 /* Release */,
			);
			defaultConfigurationIsVisible = 0;
		};
		4CC272191F691E2300343706 /* Build configuration list for PBXNativeTarget "DataStoreWithDictionaryTests" */ = {
			isa = XCConfigurationList;
			buildConfigurations = (
				4CC2721A1F691E2300343706 /* Debug */,
				4CC2721B1F691E2300343706 /* Release */,
			);
			defaultConfigurationIsVisible = 0;
		};
		4CC2721C1F691E2300343706 /* Build configuration list for PBXNativeTarget "DataStoreWithDictionaryUITests" */ = {
			isa = XCConfigurationList;
			buildConfigurations = (
				4CC2721D1F691E2300343706 /* Debug */,
				4CC2721E1F691E2300343706 /* Release */,
			);
			defaultConfigurationIsVisible = 0;
		};
/* End XCConfigurationList section */
	};
	rootObject = 4CC271E61F691E2300343706 /* Project object */;
}
